
Microsoft Visual Studio Solution File, Format Version 12.00
# Visual Studio Version 16
VisualStudioVersion = 16.0.30104.148
MinimumVisualStudioVersion = 10.0.40219.1
Project("{FAE04EC0-301F-11D3-BF4B-00C04F79EFBC}") = "BlazorWebAssemblyLearnA", "BlazorWebAssemblyLearnA\BlazorWebAssemblyLearnA.csproj", "{D87203BA-CA2C-4A42-B255-998C4EA23389}"
EndProject
Global
	GlobalSection(SolutionConfigurationPlatforms) = preSolution
		Debug|Any CPU = Debug|Any CPU
		Release|Any CPU = Release|Any CPU
	EndGlobalSection
	GlobalSection(ProjectConfigurationPlatforms) = postSolution
		{D87203BA-CA2C-4A42-B255-998C4EA23389}.Debug|Any CPU.ActiveCfg = Debug|Any CPU
		{D87203BA-CA2C-4A42-B255-998C4EA23389}.Debug|Any CPU.Build.0 = Debug|Any CPU
		{D87203BA-CA2C-4A42-B255-998C4EA23389}.Release|Any CPU.ActiveCfg = Release|Any CPU
		{D87203BA-CA2C-4A42-B255-998C4EA23389}.Release|Any CPU.Build.0 = Release|Any CPU
	EndGlobalSection
	GlobalSection(SolutionProperties) = preSolution
		HideSolutionNode = FALSE
	EndGlobalSection
	GlobalSection(ExtensibilityGlobals) = postSolution
		SolutionGuid = {0E4AD109-D052-4CE2-B3AE-08C43DC2A8FF}
	EndGlobalSection
EndGlobal
